// !$*UTF8*$!
{
	archiveVersion = 1;
	classes = {
	};
	objectVersion = 77;
	objects = {

/* Begin PBXBuildFile section */
		0174DFE47B536172DD32FC03 /* UIKitDemoDetailViewController.swift in Sources */ = {isa = PBXBuildFile; fileRef = CF6612F1EF57E59448CFE96D /* UIKitDemoDetailViewController.swift */; };
		06949D1D1A475493F7523F85 /* UIKitCatalogCell.swift in Sources */ = {isa = PBXBuildFile; fileRef = 09B27CA738BB3395C01372D9 /* UIKitCatalogCell.swift */; };
		090980C3BF53C4A70F3AA271 /* UIKitMarqueeExamplesViewController.swift in Sources */ = {isa = PBXBuildFile; fileRef = FCF1988F0ED18B738838D76D /* UIKitMarqueeExamplesViewController.swift */; };
		1EC17D1D1E079ADE66CCACD8 /* ITextKit in Frameworks */ = {isa = PBXBuildFile; productRef = 7A6947CC460AEBEE932D50BC /* ITextKit */; };
		228FFEA93FFE0063432402A1 /* UIKitShimmerExamplesViewController.swift in Sources */ = {isa = PBXBuildFile; fileRef = EE99BDC3D2476D948FD05B20 /* UIKitShimmerExamplesViewController.swift */; };
		22EBEFCCB72E15B5336FDC6F /* SwiftUIShimmerExamplesView.swift in Sources */ = {isa = PBXBuildFile; fileRef = DC40953503730EA0E6033E2A /* SwiftUIShimmerExamplesView.swift */; };
		2753FC97D3CD7E2080DBC05A /* UIKitDemoCodeView.swift in Sources */ = {isa = PBXBuildFile; fileRef = A91ED98EEA3C0A88BAEE96A8 /* UIKitDemoCodeView.swift */; };
		2AFA82E7B59F13637B0FF992 /* ITextKit in Frameworks */ = {isa = PBXBuildFile; productRef = 3E08E768CA7DE1A7605DDB0A /* ITextKit */; };
		35A71BBFEE5016841B31B23F /* UIKitEnvironmentExamplesViewController.swift in Sources */ = {isa = PBXBuildFile; fileRef = 14514E143B9DA9B9FA7CB970 /* UIKitEnvironmentExamplesViewController.swift */; };
		3A296BC834F31EBA77556102 /* SwiftUICatalogRow.swift in Sources */ = {isa = PBXBuildFile; fileRef = 5411BD04C6B0B6B33B3967D5 /* SwiftUICatalogRow.swift */; };
		3F9E9104CE121A9504D4CDB6 /* SwiftUITypewriterExamplesView.swift in Sources */ = {isa = PBXBuildFile; fileRef = 6A48A95621380FCB465B38D2 /* SwiftUITypewriterExamplesView.swift */; };
		4B1A088918E14F348CFAE9C1 /* UIKitRotatorExamplesViewController.swift in Sources */ = {isa = PBXBuildFile; fileRef = 4FB3D51E5B522F31A254B345 /* UIKitRotatorExamplesViewController.swift */; };
		4EFBA78F70B1F42D4973D9C6 /* UIKitCatalogViewController.swift in Sources */ = {isa = PBXBuildFile; fileRef = 864415F4D133F30FF08B9D36 /* UIKitCatalogViewController.swift */; };
		50B3C1D36A01402E6F6E002E /* SwiftUIMarqueeExamplesView.swift in Sources */ = {isa = PBXBuildFile; fileRef = 0CA039745053033C868289DD /* SwiftUIMarqueeExamplesView.swift */; };
		50FF5E4F61F6B8B95A9896E8 /* DemoCapability.swift in Sources */ = {isa = PBXBuildFile; fileRef = 77081A830917B58B3A882369 /* DemoCapability.swift */; };
		5623E656DCE69E08734E2A28 /* SwiftUICatalogView.swift in Sources */ = {isa = PBXBuildFile; fileRef = 6402EF74D8732D17B45D05FB /* SwiftUICatalogView.swift */; };
		5A64150DC7D484E94650F976 /* StyledTextCatalogUITests.swift in Sources */ = {isa = PBXBuildFile; fileRef = 088F047C9DC90E98463CC73B /* StyledTextCatalogUITests.swift */; };
		5C26506384D4004055EF2F79 /* UIKitStyledTextExamplesViewController.swift in Sources */ = {isa = PBXBuildFile; fileRef = A24A5F56B38144C989DC34A9 /* UIKitStyledTextExamplesViewController.swift */; };
		5D7EB6E9A35782B8A8853B8E /* RotatorCatalogUITests.swift in Sources */ = {isa = PBXBuildFile; fileRef = 8C09C21D0F19FCB34E1F504C /* RotatorCatalogUITests.swift */; };
		62B5A29E47276ECACDBF0569 /* SwiftUIRotatorExamplesView.swift in Sources */ = {isa = PBXBuildFile; fileRef = 4FAD8773CEEDA70252682703 /* SwiftUIRotatorExamplesView.swift */; };
		64C72518D6A5570668E504CD /* SwiftUIDemoPage.swift in Sources */ = {isa = PBXBuildFile; fileRef = 9D6EE0DD8FCB98B3D9BE921D /* SwiftUIDemoPage.swift */; };
		67C7B85E02AF2C708FE09A55 /* SwiftUIDemoSection.swift in Sources */ = {isa = PBXBuildFile; fileRef = FE0E6B0E7814E28130648C90 /* SwiftUIDemoSection.swift */; };
		7ECC0B6D59A52465113E1839 /* SwiftUIDemoCodeBlock.swift in Sources */ = {isa = PBXBuildFile; fileRef = C361B441C833CB526F916D5D /* SwiftUIDemoCodeBlock.swift */; };
		84CF98D63CBCBC215A3A56BF /* ShimmerCatalogUITests.swift in Sources */ = {isa = PBXBuildFile; fileRef = 8170490480B5C0BF6E032020 /* ShimmerCatalogUITests.swift */; };
		87887FAB3406DBC57ECDDB11 /* ITextKitExamplePerformanceTests.swift in Sources */ = {isa = PBXBuildFile; fileRef = 15C0B5E834B74DA19C4C8959 /* ITextKitExamplePerformanceTests.swift */; };
		8D73244DC65E597597E7C2C9 /* CatalogUITests.swift in Sources */ = {isa = PBXBuildFile; fileRef = FA53AD8DFDC078625DEE065A /* CatalogUITests.swift */; };
		90227570F5D35C9BBE6E1E5D /* ExampleRootView.swift in Sources */ = {isa = PBXBuildFile; fileRef = 6D95A985D7F53AB66AAE430E /* ExampleRootView.swift */; };
		9209FABE715D53A5FD388BAD /* UIKitDemoSectionView.swift in Sources */ = {isa = PBXBuildFile; fileRef = E3930DCB2662B2B618CAB86A /* UIKitDemoSectionView.swift */; };
		959904B68D3DDB78F594DED5 /* SwiftUIStyledTextExamplesView.swift in Sources */ = {isa = PBXBuildFile; fileRef = A70140579B758EB004EFC3BA /* SwiftUIStyledTextExamplesView.swift */; };
		AF39953EAAD73011B262073B /* UIKitTypewriterExamplesViewController.swift in Sources */ = {isa = PBXBuildFile; fileRef = 7AA1F9E70DE21DCB63F11BFB /* UIKitTypewriterExamplesViewController.swift */; };
		BB409AEE0547C77CB998E4A0 /* ITextKitExampleUITestCase.swift in Sources */ = {isa = PBXBuildFile; fileRef = 7B794CD4019A06E13ADFD8A6 /* ITextKitExampleUITestCase.swift */; };
		BBAFB684851763357C78BFAA /* DemoSnippet.swift in Sources */ = {isa = PBXBuildFile; fileRef = B466D0F94D3D6BF309E0E833 /* DemoSnippet.swift */; };
		BED80ECB491236B5848A06BA /* TypewriterCatalogUITests.swift in Sources */ = {isa = PBXBuildFile; fileRef = 46E0B2BC986F084D8F07AB76 /* TypewriterCatalogUITests.swift */; };
		BFEC0B60215577CE29C38F7B /* StyledTextPerformanceView.swift in Sources */ = {isa = PBXBuildFile; fileRef = 3FC7971C36346A3FAA18E73A /* StyledTextPerformanceView.swift */; };
		C73CBC6CF9354ACF2D1F18ED /* ITextKitExampleApp.swift in Sources */ = {isa = PBXBuildFile; fileRef = A4E6444CF648B7EDE82D05CD /* ITextKitExampleApp.swift */; };
		D359A5C552E47E9D0279A97A /* MarqueePerformanceView.swift in Sources */ = {isa = PBXBuildFile; fileRef = 36A77E77AE341EB542C304BD /* MarqueePerformanceView.swift */; };
		E0EDE46E8145AD32E52F0306 /* PerformanceFixtureUITests.swift in Sources */ = {isa = PBXBuildFile; fileRef = 4D1FB5294985DBEF4DEEAE35 /* PerformanceFixtureUITests.swift */; };
		EB67F08382E6117C3C40C586 /* MarqueeCatalogUITests.swift in Sources */ = {isa = PBXBuildFile; fileRef = D4E51C57CAEF8D8E5A31A554 /* MarqueeCatalogUITests.swift */; };
		F202DA57A4D795464E137C11 /* SwiftUIEnvironmentExamplesView.swift in Sources */ = {isa = PBXBuildFile; fileRef = 40A61E7F9FF4B87E91FBE35A /* SwiftUIEnvironmentExamplesView.swift */; };
		F7B4B47D6B05F378794C8875 /* UIKitExampleContainer.swift in Sources */ = {isa = PBXBuildFile; fileRef = E0ACA90C7317D5EA4E0BB48D /* UIKitExampleContainer.swift */; };
		FC71552FFC3C2FCD3DC294C9 /* DemoTopic.swift in Sources */ = {isa = PBXBuildFile; fileRef = 88BDD69BD0D9E534B8C422CA /* DemoTopic.swift */; };
		FEED014FD10B9F2E16AC36DB /* EnvironmentCatalogUITests.swift in Sources */ = {isa = PBXBuildFile; fileRef = 6887484081AFD521C59B0BEF /* EnvironmentCatalogUITests.swift */; };
/* End PBXBuildFile section */

/* Begin PBXContainerItemProxy section */
		900A8D08D427F0CE135E7595 /* PBXContainerItemProxy */ = {
			isa = PBXContainerItemProxy;
			containerPortal = F40F4B7B90BADEFBA098BDA7 /* Project object */;
			proxyType = 1;
			remoteGlobalIDString = 11507B51EB8793A92504507E;
			remoteInfo = ITextKitExample;
		};
		DDFE33F6C2199814BE65E120 /* PBXContainerItemProxy */ = {
			isa = PBXContainerItemProxy;
			containerPortal = F40F4B7B90BADEFBA098BDA7 /* Project object */;
			proxyType = 1;
			remoteGlobalIDString = 11507B51EB8793A92504507E;
			remoteInfo = ITextKitExample;
		};
/* End PBXContainerItemProxy section */

/* Begin PBXFileReference section */
		088F047C9DC90E98463CC73B /* StyledTextCatalogUITests.swift */ = {isa = PBXFileReference; lastKnownFileType = sourcecode.swift; path = StyledTextCatalogUITests.swift; sourceTree = "<group>"; };
		08C41D0ED76EF952ABE87798 /* ITextKit */ = {isa = PBXFileReference; lastKnownFileType = folder; name = ITextKit; path = ..; sourceTree = SOURCE_ROOT; };
		09B27CA738BB3395C01372D9 /* UIKitCatalogCell.swift */ = {isa = PBXFileReference; lastKnownFileType = sourcecode.swift; path = UIKitCatalogCell.swift; sourceTree = "<group>"; };
		0CA039745053033C868289DD /* SwiftUIMarqueeExamplesView.swift */ = {isa = PBXFileReference; lastKnownFileType = sourcecode.swift; path = SwiftUIMarqueeExamplesView.swift; sourceTree = "<group>"; };
		14514E143B9DA9B9FA7CB970 /* UIKitEnvironmentExamplesViewController.swift */ = {isa = PBXFileReference; lastKnownFileType = sourcecode.swift; path = UIKitEnvironmentExamplesViewController.swift; sourceTree = "<group>"; };
		15C0B5E834B74DA19C4C8959 /* ITextKitExamplePerformanceTests.swift */ = {isa = PBXFileReference; lastKnownFileType = sourcecode.swift; path = ITextKitExamplePerformanceTests.swift; sourceTree = "<group>"; };
		36A77E77AE341EB542C304BD /* MarqueePerformanceView.swift */ = {isa = PBXFileReference; lastKnownFileType = sourcecode.swift; path = MarqueePerformanceView.swift; sourceTree = "<group>"; };
		3FC7971C36346A3FAA18E73A /* StyledTextPerformanceView.swift */ = {isa = PBXFileReference; lastKnownFileType = sourcecode.swift; path = StyledTextPerformanceView.swift; sourceTree = "<group>"; };
		40A61E7F9FF4B87E91FBE35A /* SwiftUIEnvironmentExamplesView.swift */ = {isa = PBXFileReference; lastKnownFileType = sourcecode.swift; path = SwiftUIEnvironmentExamplesView.swift; sourceTree = "<group>"; };
		46E0B2BC986F084D8F07AB76 /* TypewriterCatalogUITests.swift */ = {isa = PBXFileReference; lastKnownFileType = sourcecode.swift; path = TypewriterCatalogUITests.swift; sourceTree = "<group>"; };
		4D1FB5294985DBEF4DEEAE35 /* PerformanceFixtureUITests.swift */ = {isa = PBXFileReference; lastKnownFileType = sourcecode.swift; path = PerformanceFixtureUITests.swift; sourceTree = "<group>"; };
		4FAD8773CEEDA70252682703 /* SwiftUIRotatorExamplesView.swift */ = {isa = PBXFileReference; lastKnownFileType = sourcecode.swift; path = SwiftUIRotatorExamplesView.swift; sourceTree = "<group>"; };
		4FB3D51E5B522F31A254B345 /* UIKitRotatorExamplesViewController.swift */ = {isa = PBXFileReference; lastKnownFileType = sourcecode.swift; path = UIKitRotatorExamplesViewController.swift; sourceTree = "<group>"; };
		5411BD04C6B0B6B33B3967D5 /* SwiftUICatalogRow.swift */ = {isa = PBXFileReference; lastKnownFileType = sourcecode.swift; path = SwiftUICatalogRow.swift; sourceTree = "<group>"; };
		6402EF74D8732D17B45D05FB /* SwiftUICatalogView.swift */ = {isa = PBXFileReference; lastKnownFileType = sourcecode.swift; path = SwiftUICatalogView.swift; sourceTree = "<group>"; };
		6887484081AFD521C59B0BEF /* EnvironmentCatalogUITests.swift */ = {isa = PBXFileReference; lastKnownFileType = sourcecode.swift; path = EnvironmentCatalogUITests.swift; sourceTree = "<group>"; };
		6A48A95621380FCB465B38D2 /* SwiftUITypewriterExamplesView.swift */ = {isa = PBXFileReference; lastKnownFileType = sourcecode.swift; path = SwiftUITypewriterExamplesView.swift; sourceTree = "<group>"; };
		6D95A985D7F53AB66AAE430E /* ExampleRootView.swift */ = {isa = PBXFileReference; lastKnownFileType = sourcecode.swift; path = ExampleRootView.swift; sourceTree = "<group>"; };
		77081A830917B58B3A882369 /* DemoCapability.swift */ = {isa = PBXFileReference; lastKnownFileType = sourcecode.swift; path = DemoCapability.swift; sourceTree = "<group>"; };
		7AA1F9E70DE21DCB63F11BFB /* UIKitTypewriterExamplesViewController.swift */ = {isa = PBXFileReference; lastKnownFileType = sourcecode.swift; path = UIKitTypewriterExamplesViewController.swift; sourceTree = "<group>"; };
		7B794CD4019A06E13ADFD8A6 /* ITextKitExampleUITestCase.swift */ = {isa = PBXFileReference; lastKnownFileType = sourcecode.swift; path = ITextKitExampleUITestCase.swift; sourceTree = "<group>"; };
		8170490480B5C0BF6E032020 /* ShimmerCatalogUITests.swift */ = {isa = PBXFileReference; lastKnownFileType = sourcecode.swift; path = ShimmerCatalogUITests.swift; sourceTree = "<group>"; };
		864415F4D133F30FF08B9D36 /* UIKitCatalogViewController.swift */ = {isa = PBXFileReference; lastKnownFileType = sourcecode.swift; path = UIKitCatalogViewController.swift; sourceTree = "<group>"; };
		88BDD69BD0D9E534B8C422CA /* DemoTopic.swift */ = {isa = PBXFileReference; lastKnownFileType = sourcecode.swift; path = DemoTopic.swift; sourceTree = "<group>"; };
		8C09C21D0F19FCB34E1F504C /* RotatorCatalogUITests.swift */ = {isa = PBXFileReference; lastKnownFileType = sourcecode.swift; path = RotatorCatalogUITests.swift; sourceTree = "<group>"; };
		96CBE9255E3F96727A779851 /* ITextKitExample.app */ = {isa = PBXFileReference; includeInIndex = 0; lastKnownFileType = wrapper.application; path = ITextKitExample.app; sourceTree = BUILT_PRODUCTS_DIR; };
		9CD57D59AFC6496D23A8F563 /* ITextKitExamplePerformanceTests.xctest */ = {isa = PBXFileReference; includeInIndex = 0; lastKnownFileType = wrapper.cfbundle; path = ITextKitExamplePerformanceTests.xctest; sourceTree = BUILT_PRODUCTS_DIR; };
		9D6EE0DD8FCB98B3D9BE921D /* SwiftUIDemoPage.swift */ = {isa = PBXFileReference; lastKnownFileType = sourcecode.swift; path = SwiftUIDemoPage.swift; sourceTree = "<group>"; };
		A24A5F56B38144C989DC34A9 /* UIKitStyledTextExamplesViewController.swift */ = {isa = PBXFileReference; lastKnownFileType = sourcecode.swift; path = UIKitStyledTextExamplesViewController.swift; sourceTree = "<group>"; };
		A4E6444CF648B7EDE82D05CD /* ITextKitExampleApp.swift */ = {isa = PBXFileReference; lastKnownFileType = sourcecode.swift; path = ITextKitExampleApp.swift; sourceTree = "<group>"; };
		A70140579B758EB004EFC3BA /* SwiftUIStyledTextExamplesView.swift */ = {isa = PBXFileReference; lastKnownFileType = sourcecode.swift; path = SwiftUIStyledTextExamplesView.swift; sourceTree = "<group>"; };
		A91ED98EEA3C0A88BAEE96A8 /* UIKitDemoCodeView.swift */ = {isa = PBXFileReference; lastKnownFileType = sourcecode.swift; path = UIKitDemoCodeView.swift; sourceTree = "<group>"; };
		B466D0F94D3D6BF309E0E833 /* DemoSnippet.swift */ = {isa = PBXFileReference; lastKnownFileType = sourcecode.swift; path = DemoSnippet.swift; sourceTree = "<group>"; };
		C361B441C833CB526F916D5D /* SwiftUIDemoCodeBlock.swift */ = {isa = PBXFileReference; lastKnownFileType = sourcecode.swift; path = SwiftUIDemoCodeBlock.swift; sourceTree = "<group>"; };
		CF6612F1EF57E59448CFE96D /* UIKitDemoDetailViewController.swift */ = {isa = PBXFileReference; lastKnownFileType = sourcecode.swift; path = UIKitDemoDetailViewController.swift; sourceTree = "<group>"; };
		D4E51C57CAEF8D8E5A31A554 /* MarqueeCatalogUITests.swift */ = {isa = PBXFileReference; lastKnownFileType = sourcecode.swift; path = MarqueeCatalogUITests.swift; sourceTree = "<group>"; };
		DC40953503730EA0E6033E2A /* SwiftUIShimmerExamplesView.swift */ = {isa = PBXFileReference; lastKnownFileType = sourcecode.swift; path = SwiftUIShimmerExamplesView.swift; sourceTree = "<group>"; };
		E0ACA90C7317D5EA4E0BB48D /* UIKitExampleContainer.swift */ = {isa = PBXFileReference; lastKnownFileType = sourcecode.swift; path = UIKitExampleContainer.swift; sourceTree = "<group>"; };
		E3930DCB2662B2B618CAB86A /* UIKitDemoSectionView.swift */ = {isa = PBXFileReference; lastKnownFileType = sourcecode.swift; path = UIKitDemoSectionView.swift; sourceTree = "<group>"; };
		EE99BDC3D2476D948FD05B20 /* UIKitShimmerExamplesViewController.swift */ = {isa = PBXFileReference; lastKnownFileType = sourcecode.swift; path = UIKitShimmerExamplesViewController.swift; sourceTree = "<group>"; };
		F83B401A95D132F831CDB592 /* ITextKitExampleUITests.xctest */ = {isa = PBXFileReference; includeInIndex = 0; lastKnownFileType = wrapper.cfbundle; path = ITextKitExampleUITests.xctest; sourceTree = BUILT_PRODUCTS_DIR; };
		FA53AD8DFDC078625DEE065A /* CatalogUITests.swift */ = {isa = PBXFileReference; lastKnownFileType = sourcecode.swift; path = CatalogUITests.swift; sourceTree = "<group>"; };
		FCF1988F0ED18B738838D76D /* UIKitMarqueeExamplesViewController.swift */ = {isa = PBXFileReference; lastKnownFileType = sourcecode.swift; path = UIKitMarqueeExamplesViewController.swift; sourceTree = "<group>"; };
		FE0E6B0E7814E28130648C90 /* SwiftUIDemoSection.swift */ = {isa = PBXFileReference; lastKnownFileType = sourcecode.swift; path = SwiftUIDemoSection.swift; sourceTree = "<group>"; };
/* End PBXFileReference section */

/* Begin PBXFrameworksBuildPhase section */
		0369328CDE705B472EEC5DC2 /* Frameworks */ = {
			isa = PBXFrameworksBuildPhase;
			buildActionMask = 2147483647;
			files = (
				2AFA82E7B59F13637B0FF992 /* ITextKit in Frameworks */,
			);
			runOnlyForDeploymentPostprocessing = 0;
		};
		E627983BE64EAF01A16C7D72 /* Frameworks */ = {
			isa = PBXFrameworksBuildPhase;
			buildActionMask = 2147483647;
			files = (
				1EC17D1D1E079ADE66CCACD8 /* ITextKit in Frameworks */,
			);
			runOnlyForDeploymentPostprocessing = 0;
		};
/* End PBXFrameworksBuildPhase section */

/* Begin PBXGroup section */
		02492316D68A690949B8FB71 /* Components */ = {
			isa = PBXGroup;
			children = (
				C361B441C833CB526F916D5D /* SwiftUIDemoCodeBlock.swift */,
				9D6EE0DD8FCB98B3D9BE921D /* SwiftUIDemoPage.swift */,
				FE0E6B0E7814E28130648C90 /* SwiftUIDemoSection.swift */,
			);
			path = Components;
			sourceTree = "<group>";
		};
		652C6D2BC0E6E42874136072 /* Products */ = {
			isa = PBXGroup;
			children = (
				96CBE9255E3F96727A779851 /* ITextKitExample.app */,
				9CD57D59AFC6496D23A8F563 /* ITextKitExamplePerformanceTests.xctest */,
				F83B401A95D132F831CDB592 /* ITextKitExampleUITests.xctest */,
			);
			name = Products;
			sourceTree = "<group>";
		};
		672021960CDC805DD389BB42 /* Catalog */ = {
			isa = PBXGroup;
			children = (
				09B27CA738BB3395C01372D9 /* UIKitCatalogCell.swift */,
				864415F4D133F30FF08B9D36 /* UIKitCatalogViewController.swift */,
			);
			path = Catalog;
			sourceTree = "<group>";
		};
		719D7D2D26132D1DEFAF2455 /* Shared */ = {
			isa = PBXGroup;
			children = (
				77081A830917B58B3A882369 /* DemoCapability.swift */,
				B466D0F94D3D6BF309E0E833 /* DemoSnippet.swift */,
				88BDD69BD0D9E534B8C422CA /* DemoTopic.swift */,
			);
			path = Shared;
			sourceTree = "<group>";
		};
		7820023F2F61BFC56D6E2BAF /* Examples */ = {
			isa = PBXGroup;
			children = (
				14514E143B9DA9B9FA7CB970 /* UIKitEnvironmentExamplesViewController.swift */,
				FCF1988F0ED18B738838D76D /* UIKitMarqueeExamplesViewController.swift */,
				4FB3D51E5B522F31A254B345 /* UIKitRotatorExamplesViewController.swift */,
				EE99BDC3D2476D948FD05B20 /* UIKitShimmerExamplesViewController.swift */,
				A24A5F56B38144C989DC34A9 /* UIKitStyledTextExamplesViewController.swift */,
				7AA1F9E70DE21DCB63F11BFB /* UIKitTypewriterExamplesViewController.swift */,
			);
			path = Examples;
			sourceTree = "<group>";
		};
		808A62A2AB73D31B4233CD97 = {
			isa = PBXGroup;
			children = (
				A31B98B921A58F8E0D3ABAEB /* ITextKitExample */,
				E7FD9E7886D55F92E3F5CC47 /* ITextKitExamplePerformanceTests */,
				DB940F33F3AA72775AF37FE2 /* ITextKitExampleUITests */,
				8250B30762DA60DF74B205B3 /* Packages */,
				652C6D2BC0E6E42874136072 /* Products */,
			);
			sourceTree = "<group>";
		};
		8250B30762DA60DF74B205B3 /* Packages */ = {
			isa = PBXGroup;
			children = (
				08C41D0ED76EF952ABE87798 /* ITextKit */,
			);
			name = Packages;
			sourceTree = "<group>";
		};
		84F796CFCC01C44435E6E1DE /* SwiftUI */ = {
			isa = PBXGroup;
			children = (
				EB72C89BA3965FD34F3A3551 /* Catalog */,
				02492316D68A690949B8FB71 /* Components */,
				DB906C0D4359A41D095B37A5 /* Examples */,
			);
			path = SwiftUI;
			sourceTree = "<group>";
		};
		A2FD6F2118F8873C46190568 /* UIKit */ = {
			isa = PBXGroup;
			children = (
				672021960CDC805DD389BB42 /* Catalog */,
				AEB05FAD2C097FAC1D4FB8DE /* Components */,
				7820023F2F61BFC56D6E2BAF /* Examples */,
			);
			path = UIKit;
			sourceTree = "<group>";
		};
		A31B98B921A58F8E0D3ABAEB /* ITextKitExample */ = {
			isa = PBXGroup;
			children = (
				6D95A985D7F53AB66AAE430E /* ExampleRootView.swift */,
				A4E6444CF648B7EDE82D05CD /* ITextKitExampleApp.swift */,
				36A77E77AE341EB542C304BD /* MarqueePerformanceView.swift */,
				3FC7971C36346A3FAA18E73A /* StyledTextPerformanceView.swift */,
				E0ACA90C7317D5EA4E0BB48D /* UIKitExampleContainer.swift */,
				719D7D2D26132D1DEFAF2455 /* Shared */,
				84F796CFCC01C44435E6E1DE /* SwiftUI */,
				A2FD6F2118F8873C46190568 /* UIKit */,
			);
			path = ITextKitExample;
			sourceTree = "<group>";
		};
		AEB05FAD2C097FAC1D4FB8DE /* Components */ = {
			isa = PBXGroup;
			children = (
				A91ED98EEA3C0A88BAEE96A8 /* UIKitDemoCodeView.swift */,
				CF6612F1EF57E59448CFE96D /* UIKitDemoDetailViewController.swift */,
				E3930DCB2662B2B618CAB86A /* UIKitDemoSectionView.swift */,
			);
			path = Components;
			sourceTree = "<group>";
		};
		DB906C0D4359A41D095B37A5 /* Examples */ = {
			isa = PBXGroup;
			children = (
				40A61E7F9FF4B87E91FBE35A /* SwiftUIEnvironmentExamplesView.swift */,
				0CA039745053033C868289DD /* SwiftUIMarqueeExamplesView.swift */,
				4FAD8773CEEDA70252682703 /* SwiftUIRotatorExamplesView.swift */,
				DC40953503730EA0E6033E2A /* SwiftUIShimmerExamplesView.swift */,
				A70140579B758EB004EFC3BA /* SwiftUIStyledTextExamplesView.swift */,
				6A48A95621380FCB465B38D2 /* SwiftUITypewriterExamplesView.swift */,
			);
			path = Examples;
			sourceTree = "<group>";
		};
		DB940F33F3AA72775AF37FE2 /* ITextKitExampleUITests */ = {
			isa = PBXGroup;
			children = (
				FA53AD8DFDC078625DEE065A /* CatalogUITests.swift */,
				6887484081AFD521C59B0BEF /* EnvironmentCatalogUITests.swift */,
				7B794CD4019A06E13ADFD8A6 /* ITextKitExampleUITestCase.swift */,
				D4E51C57CAEF8D8E5A31A554 /* MarqueeCatalogUITests.swift */,
				4D1FB5294985DBEF4DEEAE35 /* PerformanceFixtureUITests.swift */,
				8C09C21D0F19FCB34E1F504C /* RotatorCatalogUITests.swift */,
				8170490480B5C0BF6E032020 /* ShimmerCatalogUITests.swift */,
				088F047C9DC90E98463CC73B /* StyledTextCatalogUITests.swift */,
				46E0B2BC986F084D8F07AB76 /* TypewriterCatalogUITests.swift */,
			);
			path = ITextKitExampleUITests;
			sourceTree = "<group>";
		};
		E7FD9E7886D55F92E3F5CC47 /* ITextKitExamplePerformanceTests */ = {
			isa = PBXGroup;
			children = (
				15C0B5E834B74DA19C4C8959 /* ITextKitExamplePerformanceTests.swift */,
			);
			path = ITextKitExamplePerformanceTests;
			sourceTree = "<group>";
		};
		EB72C89BA3965FD34F3A3551 /* Catalog */ = {
			isa = PBXGroup;
			children = (
				5411BD04C6B0B6B33B3967D5 /* SwiftUICatalogRow.swift */,
				6402EF74D8732D17B45D05FB /* SwiftUICatalogView.swift */,
			);
			path = Catalog;
			sourceTree = "<group>";
		};
/* End PBXGroup section */

/* Begin PBXNativeTarget section */
		11507B51EB8793A92504507E /* ITextKitExample */ = {
			isa = PBXNativeTarget;
			buildConfigurationList = 6F0F3D0A824150C685EB8FC7 /* Build configuration list for PBXNativeTarget "ITextKitExample" */;
			buildPhases = (
				109ABB553BDBD5EE66103C14 /* Sources */,
				E627983BE64EAF01A16C7D72 /* Frameworks */,
			);
			buildRules = (
			);
			dependencies = (
			);
			name = ITextKitExample;
			packageProductDependencies = (
				7A6947CC460AEBEE932D50BC /* ITextKit */,
			);
			productName = ITextKitExample;
			productReference = 96CBE9255E3F96727A779851 /* ITextKitExample.app */;
			productType = "com.apple.product-type.application";
		};
		54E061EEC51CA2155FAA710D /* ITextKitExamplePerformanceTests */ = {
			isa = PBXNativeTarget;
			buildConfigurationList = 49A24CEE04DB9F22C1A3A50B /* Build configuration list for PBXNativeTarget "ITextKitExamplePerformanceTests" */;
			buildPhases = (
				B4664473F616C565E0494DD6 /* Sources */,
				0369328CDE705B472EEC5DC2 /* Frameworks */,
			);
			buildRules = (
			);
			dependencies = (
				900BD83C8627695CA81A6F01 /* PBXTargetDependency */,
			);
			name = ITextKitExamplePerformanceTests;
			packageProductDependencies = (
				3E08E768CA7DE1A7605DDB0A /* ITextKit */,
			);
			productName = ITextKitExamplePerformanceTests;
			productReference = 9CD57D59AFC6496D23A8F563 /* ITextKitExamplePerformanceTests.xctest */;
			productType = "com.apple.product-type.bundle.unit-test";
		};
		EFC42F642596E2919BB79A93 /* ITextKitExampleUITests */ = {
			isa = PBXNativeTarget;
			buildConfigurationList = 070E7564115C134D1A71FF2B /* Build configuration list for PBXNativeTarget "ITextKitExampleUITests" */;
			buildPhases = (
				BDA535AB209DE5BACFC9A660 /* Sources */,
			);
			buildRules = (
			);
			dependencies = (
				508880C109A81F1D295DECF2 /* PBXTargetDependency */,
			);
			name = ITextKitExampleUITests;
			packageProductDependencies = (
			);
			productName = ITextKitExampleUITests;
			productReference = F83B401A95D132F831CDB592 /* ITextKitExampleUITests.xctest */;
			productType = "com.apple.product-type.bundle.ui-testing";
		};
/* End PBXNativeTarget section */

/* Begin PBXProject section */
		F40F4B7B90BADEFBA098BDA7 /* Project object */ = {
			isa = PBXProject;
			attributes = {
				BuildIndependentTargetsInParallel = YES;
				LastUpgradeCheck = 1430;
				TargetAttributes = {
					11507B51EB8793A92504507E = {
						DevelopmentTeam = "";
					};
					54E061EEC51CA2155FAA710D = {
						DevelopmentTeam = "";
					};
					EFC42F642596E2919BB79A93 = {
						DevelopmentTeam = "";
						TestTargetID = 11507B51EB8793A92504507E;
					};
				};
			};
			buildConfigurationList = 3F1B74CC30F02801CFC2CD87 /* Build configuration list for PBXProject "ITextKitExample" */;
			developmentRegion = en;
			hasScannedForEncodings = 0;
			knownRegions = (
				Base,
				en,
			);
			mainGroup = 808A62A2AB73D31B4233CD97;
			minimizedProjectReferenceProxies = 1;
			packageReferences = (
				70AA97A465B7AC196D981F4E /* XCLocalSwiftPackageReference ".." */,
			);
			preferredProjectObjectVersion = 77;
			productRefGroup = 652C6D2BC0E6E42874136072 /* Products */;
			projectDirPath = "";
			projectRoot = "";
			targets = (
				11507B51EB8793A92504507E /* ITextKitExample */,
				54E061EEC51CA2155FAA710D /* ITextKitExamplePerformanceTests */,
				EFC42F642596E2919BB79A93 /* ITextKitExampleUITests */,
			);
		};
/* End PBXProject section */

/* Begin PBXSourcesBuildPhase section */
		109ABB553BDBD5EE66103C14 /* Sources */ = {
			isa = PBXSourcesBuildPhase;
			buildActionMask = 2147483647;
			files = (
				50FF5E4F61F6B8B95A9896E8 /* DemoCapability.swift in Sources */,
				BBAFB684851763357C78BFAA /* DemoSnippet.swift in Sources */,
				FC71552FFC3C2FCD3DC294C9 /* DemoTopic.swift in Sources */,
				90227570F5D35C9BBE6E1E5D /* ExampleRootView.swift in Sources */,
				C73CBC6CF9354ACF2D1F18ED /* ITextKitExampleApp.swift in Sources */,
				D359A5C552E47E9D0279A97A /* MarqueePerformanceView.swift in Sources */,
				BFEC0B60215577CE29C38F7B /* StyledTextPerformanceView.swift in Sources */,
				3A296BC834F31EBA77556102 /* SwiftUICatalogRow.swift in Sources */,
				5623E656DCE69E08734E2A28 /* SwiftUICatalogView.swift in Sources */,
				7ECC0B6D59A52465113E1839 /* SwiftUIDemoCodeBlock.swift in Sources */,
				64C72518D6A5570668E504CD /* SwiftUIDemoPage.swift in Sources */,
				67C7B85E02AF2C708FE09A55 /* SwiftUIDemoSection.swift in Sources */,
				F202DA57A4D795464E137C11 /* SwiftUIEnvironmentExamplesView.swift in Sources */,
				50B3C1D36A01402E6F6E002E /* SwiftUIMarqueeExamplesView.swift in Sources */,
				62B5A29E47276ECACDBF0569 /* SwiftUIRotatorExamplesView.swift in Sources */,
				22EBEFCCB72E15B5336FDC6F /* SwiftUIShimmerExamplesView.swift in Sources */,
				959904B68D3DDB78F594DED5 /* SwiftUIStyledTextExamplesView.swift in Sources */,
				3F9E9104CE121A9504D4CDB6 /* SwiftUITypewriterExamplesView.swift in Sources */,
				06949D1D1A475493F7523F85 /* UIKitCatalogCell.swift in Sources */,
				4EFBA78F70B1F42D4973D9C6 /* UIKitCatalogViewController.swift in Sources */,
				2753FC97D3CD7E2080DBC05A /* UIKitDemoCodeView.swift in Sources */,
				0174DFE47B536172DD32FC03 /* UIKitDemoDetailViewController.swift in Sources */,
				9209FABE715D53A5FD388BAD /* UIKitDemoSectionView.swift in Sources */,
				35A71BBFEE5016841B31B23F /* UIKitEnvironmentExamplesViewController.swift in Sources */,
				F7B4B47D6B05F378794C8875 /* UIKitExampleContainer.swift in Sources */,
				090980C3BF53C4A70F3AA271 /* UIKitMarqueeExamplesViewController.swift in Sources */,
				4B1A088918E14F348CFAE9C1 /* UIKitRotatorExamplesViewController.swift in Sources */,
				228FFEA93FFE0063432402A1 /* UIKitShimmerExamplesViewController.swift in Sources */,
				5C26506384D4004055EF2F79 /* UIKitStyledTextExamplesViewController.swift in Sources */,
				AF39953EAAD73011B262073B /* UIKitTypewriterExamplesViewController.swift in Sources */,
			);
			runOnlyForDeploymentPostprocessing = 0;
		};
		B4664473F616C565E0494DD6 /* Sources */ = {
			isa = PBXSourcesBuildPhase;
			buildActionMask = 2147483647;
			files = (
				87887FAB3406DBC57ECDDB11 /* ITextKitExamplePerformanceTests.swift in Sources */,
			);
			runOnlyForDeploymentPostprocessing = 0;
		};
		BDA535AB209DE5BACFC9A660 /* Sources */ = {
			isa = PBXSourcesBuildPhase;
			buildActionMask = 2147483647;
			files = (
				8D73244DC65E597597E7C2C9 /* CatalogUITests.swift in Sources */,
				FEED014FD10B9F2E16AC36DB /* EnvironmentCatalogUITests.swift in Sources */,
				BB409AEE0547C77CB998E4A0 /* ITextKitExampleUITestCase.swift in Sources */,
				EB67F08382E6117C3C40C586 /* MarqueeCatalogUITests.swift in Sources */,
				E0EDE46E8145AD32E52F0306 /* PerformanceFixtureUITests.swift in Sources */,
				5D7EB6E9A35782B8A8853B8E /* RotatorCatalogUITests.swift in Sources */,
				84CF98D63CBCBC215A3A56BF /* ShimmerCatalogUITests.swift in Sources */,
				5A64150DC7D484E94650F976 /* StyledTextCatalogUITests.swift in Sources */,
				BED80ECB491236B5848A06BA /* TypewriterCatalogUITests.swift in Sources */,
			);
			runOnlyForDeploymentPostprocessing = 0;
		};
/* End PBXSourcesBuildPhase section */

/* Begin PBXTargetDependency section */
		508880C109A81F1D295DECF2 /* PBXTargetDependency */ = {
			isa = PBXTargetDependency;
			target = 11507B51EB8793A92504507E /* ITextKitExample */;
			targetProxy = DDFE33F6C2199814BE65E120 /* PBXContainerItemProxy */;
		};
		900BD83C8627695CA81A6F01 /* PBXTargetDependency */ = {
			isa = PBXTargetDependency;
			target = 11507B51EB8793A92504507E /* ITextKitExample */;
			targetProxy = 900A8D08D427F0CE135E7595 /* PBXContainerItemProxy */;
		};
/* End PBXTargetDependency section */

/* Begin XCBuildConfiguration section */
		44863E4890FF3B0F7852283D /* Debug */ = {
			isa = XCBuildConfiguration;
			buildSettings = {
				BUNDLE_LOADER = "$(TEST_HOST)";
				GENERATE_INFOPLIST_FILE = YES;
				LD_RUNPATH_SEARCH_PATHS = (
					"$(inherited)",
					"@executable_path/Frameworks",
					"@loader_path/Frameworks",
				);
				PRODUCT_BUNDLE_IDENTIFIER = com.ibabyblue.ITextKitExampleUITests;
				SDKROOT = iphoneos;
				TARGETED_DEVICE_FAMILY = "1,2";
				TEST_TARGET_NAME = ITextKitExample;
			};
			name = Debug;
		};
		81AB78BE6A4E3A83141B1D84 /* Release */ = {
			isa = XCBuildConfiguration;
			buildSettings = {
				ALWAYS_SEARCH_USER_PATHS = NO;
				CLANG_ANALYZER_NONNULL = YES;
				CLANG_ANALYZER_NUMBER_OBJECT_CONVERSION = YES_AGGRESSIVE;
				CLANG_CXX_LANGUAGE_STANDARD = "gnu++14";
				CLANG_CXX_LIBRARY = "libc++";
				CLANG_ENABLE_MODULES = YES;
				CLANG_ENABLE_OBJC_ARC = YES;
				CLANG_ENABLE_OBJC_WEAK = YES;
				CLANG_WARN_BLOCK_CAPTURE_AUTORELEASING = YES;
				CLANG_WARN_BOOL_CONVERSION = YES;
				CLANG_WARN_COMMA = YES;
				CLANG_WARN_CONSTANT_CONVERSION = YES;
				CLANG_WARN_DEPRECATED_OBJC_IMPLEMENTATIONS = YES;
				CLANG_WARN_DIRECT_OBJC_ISA_USAGE = YES_ERROR;
				CLANG_WARN_DOCUMENTATION_COMMENTS = YES;
				CLANG_WARN_EMPTY_BODY = YES;
				CLANG_WARN_ENUM_CONVERSION = YES;
				CLANG_WARN_INFINITE_RECURSION = YES;
				CLANG_WARN_INT_CONVERSION = YES;
				CLANG_WARN_NON_LITERAL_NULL_CONVERSION = YES;
				CLANG_WARN_OBJC_IMPLICIT_RETAIN_SELF = YES;
				CLANG_WARN_OBJC_LITERAL_CONVERSION = YES;
				CLANG_WARN_OBJC_ROOT_CLASS = YES_ERROR;
				CLANG_WARN_QUOTED_INCLUDE_IN_FRAMEWORK_HEADER = YES;
				CLANG_WARN_RANGE_LOOP_ANALYSIS = YES;
				CLANG_WARN_STRICT_PROTOTYPES = YES;
				CLANG_WARN_SUSPICIOUS_MOVE = YES;
				CLANG_WARN_UNGUARDED_AVAILABILITY = YES_AGGRESSIVE;
				CLANG_WARN_UNREACHABLE_CODE = YES;
				CLANG_WARN__DUPLICATE_METHOD_MATCH = YES;
				COPY_PHASE_STRIP = NO;
				DEBUG_INFORMATION_FORMAT = "dwarf-with-dsym";
				DEVELOPMENT_TEAM = "";
				ENABLE_NS_ASSERTIONS = NO;
				ENABLE_STRICT_OBJC_MSGSEND = YES;
				GCC_C_LANGUAGE_STANDARD = gnu11;
				GCC_NO_COMMON_BLOCKS = YES;
				GCC_WARN_64_TO_32_BIT_CONVERSION = YES;
				GCC_WARN_ABOUT_RETURN_TYPE = YES_ERROR;
				GCC_WARN_UNDECLARED_SELECTOR = YES;
				GCC_WARN_UNINITIALIZED_AUTOS = YES_AGGRESSIVE;
				GCC_WARN_UNUSED_FUNCTION = YES;
				GCC_WARN_UNUSED_VARIABLE = YES;
				IPHONEOS_DEPLOYMENT_TARGET = 15.0;
				MTL_ENABLE_DEBUG_INFO = NO;
				MTL_FAST_MATH = YES;
				PRODUCT_NAME = "$(TARGET_NAME)";
				SDKROOT = iphoneos;
				SWIFT_COMPILATION_MODE = wholemodule;
				SWIFT_OPTIMIZATION_LEVEL = "-O";
				SWIFT_VERSION = 5.0;
			};
			name = Release;
		};
		8DF9A81314550536FD4C5807 /* Debug */ = {
			isa = XCBuildConfiguration;
			buildSettings = {
				ALWAYS_SEARCH_USER_PATHS = NO;
				CLANG_ANALYZER_NONNULL = YES;
				CLANG_ANALYZER_NUMBER_OBJECT_CONVERSION = YES_AGGRESSIVE;
				CLANG_CXX_LANGUAGE_STANDARD = "gnu++14";
				CLANG_CXX_LIBRARY = "libc++";
				CLANG_ENABLE_MODULES = YES;
				CLANG_ENABLE_OBJC_ARC = YES;
				CLANG_ENABLE_OBJC_WEAK = YES;
				CLANG_WARN_BLOCK_CAPTURE_AUTORELEASING = YES;
				CLANG_WARN_BOOL_CONVERSION = YES;
				CLANG_WARN_COMMA = YES;
				CLANG_WARN_CONSTANT_CONVERSION = YES;
				CLANG_WARN_DEPRECATED_OBJC_IMPLEMENTATIONS = YES;
				CLANG_WARN_DIRECT_OBJC_ISA_USAGE = YES_ERROR;
				CLANG_WARN_DOCUMENTATION_COMMENTS = YES;
				CLANG_WARN_EMPTY_BODY = YES;
				CLANG_WARN_ENUM_CONVERSION = YES;
				CLANG_WARN_INFINITE_RECURSION = YES;
				CLANG_WARN_INT_CONVERSION = YES;
				CLANG_WARN_NON_LITERAL_NULL_CONVERSION = YES;
				CLANG_WARN_OBJC_IMPLICIT_RETAIN_SELF = YES;
				CLANG_WARN_OBJC_LITERAL_CONVERSION = YES;
				CLANG_WARN_OBJC_ROOT_CLASS = YES_ERROR;
				CLANG_WARN_QUOTED_INCLUDE_IN_FRAMEWORK_HEADER = YES;
				CLANG_WARN_RANGE_LOOP_ANALYSIS = YES;
				CLANG_WARN_STRICT_PROTOTYPES = YES;
				CLANG_WARN_SUSPICIOUS_MOVE = YES;
				CLANG_WARN_UNGUARDED_AVAILABILITY = YES_AGGRESSIVE;
				CLANG_WARN_UNREACHABLE_CODE = YES;
				CLANG_WARN__DUPLICATE_METHOD_MATCH = YES;
				COPY_PHASE_STRIP = NO;
				DEBUG_INFORMATION_FORMAT = dwarf;
				DEVELOPMENT_TEAM = "";
				ENABLE_STRICT_OBJC_MSGSEND = YES;
				ENABLE_TESTABILITY = YES;
				GCC_C_LANGUAGE_STANDARD = gnu11;
				GCC_DYNAMIC_NO_PIC = NO;
				GCC_NO_COMMON_BLOCKS = YES;
				GCC_OPTIMIZATION_LEVEL = 0;
				GCC_PREPROCESSOR_DEFINITIONS = (
					"$(inherited)",
					"DEBUG=1",
				);
				GCC_WARN_64_TO_32_BIT_CONVERSION = YES;
				GCC_WARN_ABOUT_RETURN_TYPE = YES_ERROR;
				GCC_WARN_UNDECLARED_SELECTOR = YES;
				GCC_WARN_UNINITIALIZED_AUTOS = YES_AGGRESSIVE;
				GCC_WARN_UNUSED_FUNCTION = YES;
				GCC_WARN_UNUSED_VARIABLE = YES;
				IPHONEOS_DEPLOYMENT_TARGET = 15.0;
				MTL_ENABLE_DEBUG_INFO = INCLUDE_SOURCE;
				MTL_FAST_MATH = YES;
				ONLY_ACTIVE_ARCH = YES;
				PRODUCT_NAME = "$(TARGET_NAME)";
				SDKROOT = iphoneos;
				SWIFT_ACTIVE_COMPILATION_CONDITIONS = DEBUG;
				SWIFT_OPTIMIZATION_LEVEL = "-Onone";
				SWIFT_VERSION = 5.0;
			};
			name = Debug;
		};
		A88E57E168F3FD4678DAF775 /* Debug */ = {
			isa = XCBuildConfiguration;
			buildSettings = {
				BUNDLE_LOADER = "$(TEST_HOST)";
				GENERATE_INFOPLIST_FILE = YES;
				LD_RUNPATH_SEARCH_PATHS = (
					"$(inherited)",
					"@executable_path/Frameworks",
					"@loader_path/Frameworks",
				);
				PRODUCT_BUNDLE_IDENTIFIER = com.ibabyblue.ITextKitExamplePerformanceTests;
				SDKROOT = iphoneos;
				TARGETED_DEVICE_FAMILY = "1,2";
				TEST_HOST = "$(BUILT_PRODUCTS_DIR)/ITextKitExample.app/ITextKitExample";
			};
			name = Debug;
		};
		B93D599AA2E7FA967597845F /* Debug */ = {
			isa = XCBuildConfiguration;
			buildSettings = {
				ASSETCATALOG_COMPILER_APPICON_NAME = AppIcon;
				CODE_SIGN_IDENTITY = "iPhone Developer";
				GENERATE_INFOPLIST_FILE = YES;
				INFOPLIST_KEY_UILaunchScreen_Generation = YES;
				LD_RUNPATH_SEARCH_PATHS = (
					"$(inherited)",
					"@executable_path/Frameworks",
				);
				PRODUCT_BUNDLE_IDENTIFIER = com.ibabyblue.ITextKitExample;
				SDKROOT = iphoneos;
				TARGETED_DEVICE_FAMILY = "1,2";
			};
			name = Debug;
		};
		DEDF0421AC3FC061CDB7FCDE /* Release */ = {
			isa = XCBuildConfiguration;
			buildSettings = {
				ASSETCATALOG_COMPILER_APPICON_NAME = AppIcon;
				CODE_SIGN_IDENTITY = "iPhone Developer";
				GENERATE_INFOPLIST_FILE = YES;
				INFOPLIST_KEY_UILaunchScreen_Generation = YES;
				LD_RUNPATH_SEARCH_PATHS = (
					"$(inherited)",
					"@executable_path/Frameworks",
				);
				PRODUCT_BUNDLE_IDENTIFIER = com.ibabyblue.ITextKitExample;
				SDKROOT = iphoneos;
				TARGETED_DEVICE_FAMILY = "1,2";
			};
			name = Release;
		};
		ED8EF9E7FE5E35A5680392FF /* Release */ = {
			isa = XCBuildConfiguration;
			buildSettings = {
				BUNDLE_LOADER = "$(TEST_HOST)";
				GENERATE_INFOPLIST_FILE = YES;
				LD_RUNPATH_SEARCH_PATHS = (
					"$(inherited)",
					"@executable_path/Frameworks",
					"@loader_path/Frameworks",
				);
				PRODUCT_BUNDLE_IDENTIFIER = com.ibabyblue.ITextKitExampleUITests;
				SDKROOT = iphoneos;
				TARGETED_DEVICE_FAMILY = "1,2";
				TEST_TARGET_NAME = ITextKitExample;
			};
			name = Release;
		};
		FEC0DC3C8F83EC37DF2ACA27 /* Release */ = {
			isa = XCBuildConfiguration;
			buildSettings = {
				BUNDLE_LOADER = "$(TEST_HOST)";
				GENERATE_INFOPLIST_FILE = YES;
				LD_RUNPATH_SEARCH_PATHS = (
					"$(inherited)",
					"@executable_path/Frameworks",
					"@loader_path/Frameworks",
				);
				PRODUCT_BUNDLE_IDENTIFIER = com.ibabyblue.ITextKitExamplePerformanceTests;
				SDKROOT = iphoneos;
				TARGETED_DEVICE_FAMILY = "1,2";
				TEST_HOST = "$(BUILT_PRODUCTS_DIR)/ITextKitExample.app/ITextKitExample";
			};
			name = Release;
		};
/* End XCBuildConfiguration section */

/* Begin XCConfigurationList section */
		070E7564115C134D1A71FF2B /* Build configuration list for PBXNativeTarget "ITextKitExampleUITests" */ = {
			isa = XCConfigurationList;
			buildConfigurations = (
				44863E4890FF3B0F7852283D /* Debug */,
				ED8EF9E7FE5E35A5680392FF /* Release */,
			);
			defaultConfigurationIsVisible = 0;
			defaultConfigurationName = Debug;
		};
		3F1B74CC30F02801CFC2CD87 /* Build configuration list for PBXProject "ITextKitExample" */ = {
			isa = XCConfigurationList;
			buildConfigurations = (
				8DF9A81314550536FD4C5807 /* Debug */,
				81AB78BE6A4E3A83141B1D84 /* Release */,
			);
			defaultConfigurationIsVisible = 0;
			defaultConfigurationName = Debug;
		};
		49A24CEE04DB9F22C1A3A50B /* Build configuration list for PBXNativeTarget "ITextKitExamplePerformanceTests" */ = {
			isa = XCConfigurationList;
			buildConfigurations = (
				A88E57E168F3FD4678DAF775 /* Debug */,
				FEC0DC3C8F83EC37DF2ACA27 /* Release */,
			);
			defaultConfigurationIsVisible = 0;
			defaultConfigurationName = Debug;
		};
		6F0F3D0A824150C685EB8FC7 /* Build configuration list for PBXNativeTarget "ITextKitExample" */ = {
			isa = XCConfigurationList;
			buildConfigurations = (
				B93D599AA2E7FA967597845F /* Debug */,
				DEDF0421AC3FC061CDB7FCDE /* Release */,
			);
			defaultConfigurationIsVisible = 0;
			defaultConfigurationName = Debug;
		};
/* End XCConfigurationList section */

/* Begin XCLocalSwiftPackageReference section */
		70AA97A465B7AC196D981F4E /* XCLocalSwiftPackageReference ".." */ = {
			isa = XCLocalSwiftPackageReference;
			relativePath = ..;
		};
/* End XCLocalSwiftPackageReference section */

/* Begin XCSwiftPackageProductDependency section */
		3E08E768CA7DE1A7605DDB0A /* ITextKit */ = {
			isa = XCSwiftPackageProductDependency;
			productName = ITextKit;
		};
		7A6947CC460AEBEE932D50BC /* ITextKit */ = {
			isa = XCSwiftPackageProductDependency;
			productName = ITextKit;
		};
/* End XCSwiftPackageProductDependency section */
	};
	rootObject = F40F4B7B90BADEFBA098BDA7 /* Project object */;
}
